
Microsoft Visual Studio Solution File, Format Version 12.00
# Visual Studio Version 17
VisualStudioVersion = 17.0.31903.59
MinimumVisualStudioVersion = 10.0.40219.1
Project("{FAE04EC0-301F-11D3-BF4B-00C04F79EFBC}") = "Otp.Api", "Otp.Api\Otp.Api.csproj", "{9E2715CA-6A2E-4327-B757-04CB3D93F185}"
EndProject
Project("{FAE04EC0-301F-11D3-BF4B-00C04F79EFBC}") = "Otp.Tests", "Otp.Tests\Otp.Tests.csproj", "{EC9BDD73-2E8A-4C24-9AA1-0326D58A0409}"
EndProject
Project("{FAE04EC0-301F-11D3-BF4B-00C04F79EFBC}") = "Otp.Notification", "Otp.Notification\Otp.Notification.csproj", "{FFB5AE54-9152-4667-826E-F955FCA9B8DC}"
EndProject
Project("{FAE04EC0-301F-11D3-BF4B-00C04F79EFBC}") = "Otp.Auth", "Otp.Auth\Otp.Auth.csproj", "{A6475234-76C2-48E3-8123-CF0D7F812D91}"
EndProject
Global
	GlobalSection(SolutionConfigurationPlatforms) = preSolution
		Debug|Any CPU = Debug|Any CPU
		Release|Any CPU = Release|Any CPU
	EndGlobalSection
	GlobalSection(SolutionProperties) = preSolution
		HideSolutionNode = FALSE
	EndGlobalSection
	GlobalSection(ProjectConfigurationPlatforms) = postSolution
		{9E2715CA-6A2E-4327-B757-04CB3D93F185}.Debug|Any CPU.ActiveCfg = Debug|Any CPU
		{9E2715CA-6A2E-4327-B757-04CB3D93F185}.Debug|Any CPU.Build.0 = Debug|Any CPU
		{9E2715CA-6A2E-4327-B757-04CB3D93F185}.Release|Any CPU.ActiveCfg = Release|Any CPU
		{9E2715CA-6A2E-4327-B757-04CB3D93F185}.Release|Any CPU.Build.0 = Release|Any CPU
		{EC9BDD73-2E8A-4C24-9AA1-0326D58A0409}.Debug|Any CPU.ActiveCfg = Debug|Any CPU
		{EC9BDD73-2E8A-4C24-9AA1-0326D58A0409}.Debug|Any CPU.Build.0 = Debug|Any CPU
		{EC9BDD73-2E8A-4C24-9AA1-0326D58A0409}.Release|Any CPU.ActiveCfg = Release|Any CPU
		{EC9BDD73-2E8A-4C24-9AA1-0326D58A0409}.Release|Any CPU.Build.0 = Release|Any CPU
		{FFB5AE54-9152-4667-826E-F955FCA9B8DC}.Debug|Any CPU.ActiveCfg = Debug|Any CPU
		{FFB5AE54-9152-4667-826E-F955FCA9B8DC}.Debug|Any CPU.Build.0 = Debug|Any CPU
		{FFB5AE54-9152-4667-826E-F955FCA9B8DC}.Release|Any CPU.ActiveCfg = Release|Any CPU
		{FFB5AE54-9152-4667-826E-F955FCA9B8DC}.Release|Any CPU.Build.0 = Release|Any CPU
		{A6475234-76C2-48E3-8123-CF0D7F812D91}.Debug|Any CPU.ActiveCfg = Debug|Any CPU
		{A6475234-76C2-48E3-8123-CF0D7F812D91}.Debug|Any CPU.Build.0 = Debug|Any CPU
		{A6475234-76C2-48E3-8123-CF0D7F812D91}.Release|Any CPU.ActiveCfg = Release|Any CPU
		{A6475234-76C2-48E3-8123-CF0D7F812D91}.Release|Any CPU.Build.0 = Release|Any CPU
	EndGlobalSection
EndGlobal
